
Microsoft Visual Studio Solution File, Format Version 12.00
# Visual Studio Version 17
VisualStudioVersion = 17.13.35825.156 d17.13
MinimumVisualStudioVersion = 10.0.40219.1
Project("{9A19103F-16F7-4668-BE54-9A1E7A4F7556}") = "Theatre_TimeLine", "Theatre_TimeLine.csproj", "{5868F761-1518-455F-B98A-A5F2CAA486C0}"
EndProject
Global
	GlobalSection(SolutionConfigurationPlatforms) = preSolution
		Debug|Any CPU = Debug|Any CPU
		Release|Any CPU = Release|Any CPU
	EndGlobalSection
	GlobalSection(ProjectConfigurationPlatforms) = postSolution
		{5868F761-1518-455F-B98A-A5F2CAA486C0}.Debug|Any CPU.ActiveCfg = Debug|Any CPU
		{5868F761-1518-455F-B98A-A5F2CAA486C0}.Debug|Any CPU.Build.0 = Debug|Any CPU
		{5868F761-1518-455F-B98A-A5F2CAA486C0}.Release|Any CPU.ActiveCfg = Release|Any CPU
		{5868F761-1518-455F-B98A-A5F2CAA486C0}.Release|Any CPU.Build.0 = Release|Any CPU
	EndGlobalSection
	GlobalSection(SolutionProperties) = preSolution
		HideSolutionNode = FALSE
	EndGlobalSection
	GlobalSection(ExtensibilityGlobals) = postSolution
		SolutionGuid = {764911EE-396A-4B53-B285-A683A767C4DE}
	EndGlobalSection
EndGlobal
